
Microsoft Visual Studio Solution File, Format Version 12.00
# Visual Studio Version 17
VisualStudioVersion = 17.6.33723.286
MinimumVisualStudioVersion = 10.0.40219.1
Project("{8BC9CEB8-8B4A-11D0-8D11-00A0C91BC942}") = "Dugeon Crawler", "Dugeon Crawler\Dugeon Crawler.vcxproj", "{B3A22423-238E-48DF-AF59-69EFB642DE3C}"
EndProject
Global
	GlobalSection(SolutionConfigurationPlatforms) = preSolution
		Debug|x64 = Debug|x64
		Debug|x86 = Debug|x86
		Release|x64 = Release|x64
		Release|x86 = Release|x86
	EndGlobalSection
	GlobalSection(ProjectConfigurationPlatforms) = postSolution
		{B3A22423-238E-48DF-AF59-69EFB642DE3C}.Debug|x64.ActiveCfg = Debug|x64
		{B3A22423-238E-48DF-AF59-69EFB642DE3C}.Debug|x64.Build.0 = Debug|x64
		{B3A22423-238E-48DF-AF59-69EFB642DE3C}.Debug|x86.ActiveCfg = Debug|Win32
		{B3A22423-238E-48DF-AF59-69EFB642DE3C}.Debug|x86.Build.0 = Debug|Win32
		{B3A22423-238E-48DF-AF59-69EFB642DE3C}.Release|x64.ActiveCfg = Release|x64
		{B3A22423-238E-48DF-AF59-69EFB642DE3C}.Release|x64.Build.0 = Release|x64
		{B3A22423-238E-48DF-AF59-69EFB642DE3C}.Release|x86.ActiveCfg = Release|Win32
		{B3A22423-238E-48DF-AF59-69EFB642DE3C}.Release|x86.Build.0 = Release|Win32
	EndGlobalSection
	GlobalSection(SolutionProperties) = preSolution
		HideSolutionNode = FALSE
	EndGlobalSection
	GlobalSection(ExtensibilityGlobals) = postSolution
		SolutionGuid = {2FDE9CB0-CB04-4666-B3D5-E8270E66A758}
	EndGlobalSection
EndGlobal
